
Microsoft Visual Studio Solution File, Format Version 12.00
# Visual Studio 15
VisualStudioVersion = 15.0.28307.168
MinimumVisualStudioVersion = 10.0.40219.1
Project("{FAE04EC0-301F-11D3-BF4B-00C04F79EFBC}") = "WriteRDL", "WriteRDL\WriteRDL.csproj", "{D19394A8-4D12-4D68-A283-66A2CB5CCA6A}"
EndProject
Global
	GlobalSection(SolutionConfigurationPlatforms) = preSolution
		Debug|Any CPU = Debug|Any CPU
		Release|Any CPU = Release|Any CPU
	EndGlobalSection
	GlobalSection(ProjectConfigurationPlatforms) = postSolution
		{D19394A8-4D12-4D68-A283-66A2CB5CCA6A}.Debug|Any CPU.ActiveCfg = Debug|Any CPU
		{D19394A8-4D12-4D68-A283-66A2CB5CCA6A}.Debug|Any CPU.Build.0 = Debug|Any CPU
		{D19394A8-4D12-4D68-A283-66A2CB5CCA6A}.Release|Any CPU.ActiveCfg = Release|Any CPU
		{D19394A8-4D12-4D68-A283-66A2CB5CCA6A}.Release|Any CPU.Build.0 = Release|Any CPU
	EndGlobalSection
	GlobalSection(SolutionProperties) = preSolution
		HideSolutionNode = FALSE
	EndGlobalSection
	GlobalSection(ExtensibilityGlobals) = postSolution
		SolutionGuid = {42EF0DCF-8958-4E02-98F0-52D35C74EE7A}
	EndGlobalSection
EndGlobal
